
Microsoft Visual Studio Solution File, Format Version 12.00
# Visual Studio Version 17
VisualStudioVersion = 17.10.34607.79
MinimumVisualStudioVersion = 10.0.40219.1
Project("{FAE04EC0-301F-11D3-BF4B-00C04F79EFBC}") = "FoodWeb", "FoodWeb.csproj", "{D2E2310C-CB63-4EED-AD48-1DA8C38847B6}"
EndProject
Global
	GlobalSection(SolutionConfigurationPlatforms) = preSolution
		Debug|Any CPU = Debug|Any CPU
		Release|Any CPU = Release|Any CPU
	EndGlobalSection
	GlobalSection(ProjectConfigurationPlatforms) = postSolution
		{D2E2310C-CB63-4EED-AD48-1DA8C38847B6}.Debug|Any CPU.ActiveCfg = Debug|Any CPU
		{D2E2310C-CB63-4EED-AD48-1DA8C38847B6}.Debug|Any CPU.Build.0 = Debug|Any CPU
		{D2E2310C-CB63-4EED-AD48-1DA8C38847B6}.Release|Any CPU.ActiveCfg = Release|Any CPU
		{D2E2310C-CB63-4EED-AD48-1DA8C38847B6}.Release|Any CPU.Build.0 = Release|Any CPU
	EndGlobalSection
	GlobalSection(SolutionProperties) = preSolution
		HideSolutionNode = FALSE
	EndGlobalSection
	GlobalSection(ExtensibilityGlobals) = postSolution
		SolutionGuid = {C780408B-5B46-45BE-A9AE-B1AA30C39104}
	EndGlobalSection
EndGlobal
